{
  "name": "backend",
  "lockfileVersion": 3,
  "requires": true,
  "packages": {
    "": {
      "name": "backend",
      "dependencies": {
        "@prisma/client": "^5.16.2",
        "@prisma/extension-accelerate": "^1.1.0",
        "@sidd123/common": "^1.0.0",
        "hono": "^4.5.8",
        "nanoid": "^5.0.7",
        "prisma": "^5.16.2"
      },
      "devDependencies": {
        "@cloudflare/workers-types": "^4.20240529.0",
        "@types/bcrypt": "^5.0.2",
        "wrangler": "^0.0.6"
      }
    },
    "node_modules/@cloudflare/pages-functions-compiler": {
      "version": "0.3.8",
      "resolved": "https://registry.npmjs.org/@cloudflare/pages-functions-compiler/-/pages-functions-compiler-0.3.8.tgz",
      "integrity": "sha512-4aaAprXZMSekSv3lubOOUnS4s8IYXyY5Px6EEnF7tQmzjaeQk22q2LLTCdGYgs16LMf+Bd94787xGcQP9gLDWw==",
      "dev": true,
      "license": "ISC",
      "dependencies": {
        "acorn": "^8.4.1",
        "acorn-walk": "^8.1.1",
        "commander": "^8.1.0",
        "esbuild": "0.14.1",
        "path-to-regexp": "^6.2.0"
      },
      "bin": {
        "plinko": "bin/plinko.mjs"
      },
      "engines": {
        "node": ">=14"
      }
    },
    "node_modules/@cloudflare/workers-types": {
      "version": "4.20240909.0",
      "resolved": "https://registry.npmjs.org/@cloudflare/workers-types/-/workers-types-4.20240909.0.tgz",
      "integrity": "sha512-4knwtX6efxIsIxawdmPyynU9+S8A78wntU8eUIEldStWP4gNgxGkeWcfCMXulTx8oxr3DU4aevHyld9HGV8VKQ==",
      "dev": true,
      "license": "MIT OR Apache-2.0"
    },
    "node_modules/@iarna/toml": {
      "version": "2.2.5",
      "resolved": "https://registry.npmjs.org/@iarna/toml/-/toml-2.2.5.tgz",
      "integrity": "sha512-trnsAYxU3xnS1gPHPyU961coFyLkh4gAD/0zQ5mymY4yOZ+CYvsPqUbOFSw0aDM4y0tV7tiFxL/1XfXPNC6IPg==",
      "dev": true,
      "license": "ISC"
    },
    "node_modules/@miniflare/cache": {
      "version": "2.0.0-rc.4",
      "resolved": "https://registry.npmjs.org/@miniflare/cache/-/cache-2.0.0-rc.4.tgz",
      "integrity": "sha512-63PeBccUGXCQ0Ekdt9OwgVCuJIKZ+d8lRAFpJtIa7+ZVybW9F9ehOOKZZYFzEbfBA6Y23i046A44SrpNPeAEGA==",
      "dev": true,
      "license": "MIT",
      "dependencies": {
        "@miniflare/core": "2.0.0-rc.4",
        "@miniflare/shared": "2.0.0-rc.4",
        "http-cache-semantics": "^4.1.0",
        "undici": "^4.11.1"
      },
      "engines": {
        "node": ">=16.7"
      }
    },
    "node_modules/@miniflare/cli-parser": {
      "version": "2.0.0-rc.4",
      "resolved": "https://registry.npmjs.org/@miniflare/cli-parser/-/cli-parser-2.0.0-rc.4.tgz",
      "integrity": "sha512-jFtG6Ib3fjLenEepKSGJXMUn1hTk1xsjDPVjBX4VNc7P75zMlgdWLmSJSh7qBZpWd4mCUr46MOTtdPXWrW8Opw==",
      "dev": true,
      "license": "MIT",
      "dependencies": {
        "@miniflare/shared": "2.0.0-rc.4",
        "kleur": "^4.1.4"
      },
      "engines": {
        "node": ">=16.7"
      }
    },
    "node_modules/@miniflare/core": {
      "version": "2.0.0-rc.4",
      "resolved": "https://registry.npmjs.org/@miniflare/core/-/core-2.0.0-rc.4.tgz",
      "integrity": "sha512-nORCqBpj2zqZdlHdTk8VePidCc6VMvd3b3qRqC5eA3/p9CMrpBtQbBx074tnxiRimWnl1lP41U2ucZevwjTGZg==",
      "dev": true,
      "license": "MIT",
      "dependencies": {
        "@iarna/toml": "^2.2.5",
        "@miniflare/shared": "2.0.0-rc.4",
        "busboy": "^0.3.1",
        "dotenv": "^10.0.0",
        "kleur": "^4.1.4",
        "set-cookie-parser": "^2.4.8",
        "undici": "^4.11.1"
      },
      "engines": {
        "node": ">=16.7"
      },
      "peerDependencies": {
        "@miniflare/watcher": "2.0.0-rc.4"
      },
      "peerDependenciesMeta": {
        "@miniflare/watcher": {
          "optional": true
        }
      }
    },
    "node_modules/@miniflare/durable-objects": {
      "version": "2.0.0-rc.4",
      "resolved": "https://registry.npmjs.org/@miniflare/durable-objects/-/durable-objects-2.0.0-rc.4.tgz",
      "integrity": "sha512-Zyv0E71sIYa1OobAmgoaBNum0vzPI6rk6K9Ib5fnMpjx4IzFc+kt6MQq5mUiLUa4yEADmrDHrQ5X4Bqe9Is5lA==",
      "dev": true,
      "license": "MIT",
      "dependencies": {
        "@miniflare/core": "2.0.0-rc.4",
        "@miniflare/shared": "2.0.0-rc.4",
        "@miniflare/storage-memory": "2.0.0-rc.4",
        "undici": "^4.11.1"
      },
      "engines": {
        "node": ">=16.7"
      }
    },
    "node_modules/@miniflare/html-rewriter": {
      "version": "2.0.0-rc.4",
      "resolved": "https://registry.npmjs.org/@miniflare/html-rewriter/-/html-rewriter-2.0.0-rc.4.tgz",
      "integrity": "sha512-KzQvG5r0KbMWctskH/1XIBT+YgQdHrXnYnK7nqJ3fhMjNO02xytlmGISHABV8WGCFYuWZglqTxOQPi17we8Ikw==",
      "dev": true,
      "license": "MIT",
      "dependencies": {
        "@miniflare/core": "2.0.0-rc.4",
        "@miniflare/shared": "2.0.0-rc.4",
        "html-rewriter-wasm": "^0.3.2",
        "undici": "^4.11.1"
      },
      "engines": {
        "node": ">=16.7"
      }
    },
    "node_modules/@miniflare/http-server": {
      "version": "2.0.0-rc.4",
      "resolved": "https://registry.npmjs.org/@miniflare/http-server/-/http-server-2.0.0-rc.4.tgz",
      "integrity": "sha512-ZxPfylDEa9RZkvTDzicbE0AYLoCBintQS2biGHLOiCpVCvSZej43XUs3A8KxSPN0adnz0KUzX58pcXQPU9CXuQ==",
      "dev": true,
      "license": "MIT",
      "dependencies": {
        "@miniflare/core": "2.0.0-rc.4",
        "@miniflare/shared": "2.0.0-rc.4",
        "@miniflare/web-sockets": "2.0.0-rc.4",
        "kleur": "^4.1.4",
        "selfsigned": "^1.10.11",
        "undici": "^4.11.1",
        "ws": "^8.2.2",
        "youch": "^2.2.2"
      },
      "engines": {
        "node": ">=16.7"
      }
    },
    "node_modules/@miniflare/kv": {
      "version": "2.0.0-rc.4",
      "resolved": "https://registry.npmjs.org/@miniflare/kv/-/kv-2.0.0-rc.4.tgz",
      "integrity": "sha512-jHkMS6VCadUlTrE4m+aCyrZS5VfQ0D3YhWJwFHWCtqAEItV0ggDN2+saCEoAW0YXzsiadlbuWJeAM4H11g1JNw==",
      "dev": true,
      "license": "MIT",
      "dependencies": {
        "@miniflare/shared": "2.0.0-rc.4"
      },
      "engines": {
        "node": ">=16.7"
      }
    },
    "node_modules/@miniflare/runner-vm": {
      "version": "2.0.0-rc.4",
      "resolved": "https://registry.npmjs.org/@miniflare/runner-vm/-/runner-vm-2.0.0-rc.4.tgz",
      "integrity": "sha512-eFOMVvhyHuI5JUOF4/8oyRId3zpKgY0xyN5Jk+7y/I3QiqSZFDFnO1hHPXHzlgimBawFEi0SzSsa5saJB2KFSQ==",
      "dev": true,
      "license": "MIT",
      "dependencies": {
        "@miniflare/shared": "2.0.0-rc.4"
      },
      "engines": {
        "node": ">=16.7"
      }
    },
    "node_modules/@miniflare/scheduler": {
      "version": "2.0.0-rc.4",
      "resolved": "https://registry.npmjs.org/@miniflare/scheduler/-/scheduler-2.0.0-rc.4.tgz",
      "integrity": "sha512-PGzXSFavmLjxFz2WN6m2rO/HiFIxOLyxw4330AP6UJpGd/HP5tmTsF/aUGE5MjwKkgzQyk815nGZMvusR37fqA==",
      "dev": true,
      "license": "MIT",
      "dependencies": {
        "@miniflare/core": "2.0.0-rc.4",
        "@miniflare/shared": "2.0.0-rc.4",
        "cron-schedule": "^3.0.4"
      },
      "engines": {
        "node": ">=16.7"
      }
    },
    "node_modules/@miniflare/shared": {
      "version": "2.0.0-rc.4",
      "resolved": "https://registry.npmjs.org/@miniflare/shared/-/shared-2.0.0-rc.4.tgz",
      "integrity": "sha512-bu59+0r+IxmuBmFDDELxJ8vaewuimaBylrkxMF5o+DaZmIXGmxzDmji2LLXT4oDjGHP4FN6Eex5pR0f5eDsjkQ==",
      "dev": true,
      "license": "MIT",
      "dependencies": {
        "ignore": "^5.1.8",
        "kleur": "^4.1.4"
      },
      "engines": {
        "node": ">=16.7"
      }
    },
    "node_modules/@miniflare/sites": {
      "version": "2.0.0-rc.4",
      "resolved": "https://registry.npmjs.org/@miniflare/sites/-/sites-2.0.0-rc.4.tgz",
      "integrity": "sha512-qWFpvo3eQpPZOp58rzjbTVuB1xZULUpndaiKOp17+WrfXV1on0Y/ipgmFFDqTT5qMsWG14Y68CQeJCzF7ww36A==",
      "dev": true,
      "license": "MIT",
      "dependencies": {
        "@miniflare/kv": "2.0.0-rc.4",
        "@miniflare/shared": "2.0.0-rc.4",
        "@miniflare/storage-file": "2.0.0-rc.4"
      },
      "engines": {
        "node": ">=16.7"
      }
    },
    "node_modules/@miniflare/storage-file": {
      "version": "2.0.0-rc.4",
      "resolved": "https://registry.npmjs.org/@miniflare/storage-file/-/storage-file-2.0.0-rc.4.tgz",
      "integrity": "sha512-wu9S71T4fpYm5JQmpA/P+LuWxPoWQwAzFVrN5eAQgx6T8846D/Dl9iBED4bgo+yJiVrlfwFCeojNsqfxziWz/g==",
      "dev": true,
      "license": "MIT",
      "dependencies": {
        "@miniflare/shared": "2.0.0-rc.4",
        "@miniflare/storage-memory": "2.0.0-rc.4"
      },
      "engines": {
        "node": ">=16.7"
      }
    },
    "node_modules/@miniflare/storage-memory": {
      "version": "2.0.0-rc.4",
      "resolved": "https://registry.npmjs.org/@miniflare/storage-memory/-/storage-memory-2.0.0-rc.4.tgz",
      "integrity": "sha512-D/qbZR6JwLyp3uA/2A3UA5XqhnTe2SaSsY/Qw47EfwPicsPEVGQl4dwrVLobslA+mxYVabOMM4G/uCU5c3fI/Q==",
      "dev": true,
      "license": "MIT",
      "dependencies": {
        "@miniflare/shared": "2.0.0-rc.4"
      },
      "engines": {
        "node": ">=16.7"
      }
    },
    "node_modules/@miniflare/watcher": {
      "version": "2.0.0-rc.4",
      "resolved": "https://registry.npmjs.org/@miniflare/watcher/-/watcher-2.0.0-rc.4.tgz",
      "integrity": "sha512-94buFqkifFlTZtwu7DvgmmQzz9NA9YWMGMIfbsVmVMiugTa39topc0KnVrcvBKnkBjQpA8Vk8edkqsn5tXb4fg==",
      "dev": true,
      "license": "MIT",
      "dependencies": {
        "@miniflare/shared": "2.0.0-rc.4"
      },
      "engines": {
        "node": ">=16.7"
      }
    },
    "node_modules/@miniflare/web-sockets": {
      "version": "2.0.0-rc.4",
      "resolved": "https://registry.npmjs.org/@miniflare/web-sockets/-/web-sockets-2.0.0-rc.4.tgz",
      "integrity": "sha512-d+TNVTu5IjW0mF39PgSodRYWhj//PzyouPiEZ2pH4SHJ+FXjwjgomAehtMh0GTab4SZwXOAhHYgKoH8fzhLt8g==",
      "dev": true,
      "license": "MIT",
      "dependencies": {
        "@miniflare/core": "2.0.0-rc.4",
        "@miniflare/shared": "2.0.0-rc.4",
        "undici": "^4.11.1",
        "ws": "^8.2.2"
      },
      "engines": {
        "node": ">=16.7"
      }
    },
    "node_modules/@prisma/client": {
      "version": "5.16.2",
      "resolved": "https://registry.npmjs.org/@prisma/client/-/client-5.16.2.tgz",
      "integrity": "sha512-+1lmkhR9gHWcTC5oghm2ZKpWljyWdzfazCVlLKUWXVmwHSf52g81aZ8qb6Km5Bs025yBi7puLp3qSLEvktoUtw==",
      "hasInstallScript": true,
      "license": "Apache-2.0",
      "engines": {
        "node": ">=16.13"
      },
      "peerDependencies": {
        "prisma": "*"
      },
      "peerDependenciesMeta": {
        "prisma": {
          "optional": true
        }
      }
    },
    "node_modules/@prisma/debug": {
      "version": "5.16.2",
      "resolved": "https://registry.npmjs.org/@prisma/debug/-/debug-5.16.2.tgz",
      "integrity": "sha512-ItzB4nR4O8eLzuJiuP3WwUJfoIvewMHqpGCad+64gvThcKEVOtaUza9AEJo2DPqAOa/AWkFyK54oM4WwHeew+A==",
      "license": "Apache-2.0"
    },
    "node_modules/@prisma/engines": {
      "version": "5.16.2",
      "resolved": "https://registry.npmjs.org/@prisma/engines/-/engines-5.16.2.tgz",
      "integrity": "sha512-qUxwMtrwoG3byd4PbX6T7EjHJ8AUhzTuwniOGkh/hIznBfcE2QQnGakyEq4VnwNuttMqvh/GgPFapHQ3lCuRHg==",
      "hasInstallScript": true,
      "license": "Apache-2.0",
      "dependencies": {
        "@prisma/debug": "5.16.2",
        "@prisma/engines-version": "5.16.0-24.34ace0eb2704183d2c05b60b52fba5c43c13f303",
        "@prisma/fetch-engine": "5.16.2",
        "@prisma/get-platform": "5.16.2"
      }
    },
    "node_modules/@prisma/engines-version": {
      "version": "5.16.0-24.34ace0eb2704183d2c05b60b52fba5c43c13f303",
      "resolved": "https://registry.npmjs.org/@prisma/engines-version/-/engines-version-5.16.0-24.34ace0eb2704183d2c05b60b52fba5c43c13f303.tgz",
      "integrity": "sha512-HkT2WbfmFZ9WUPyuJHhkiADxazHg8Y4gByrTSVeb3OikP6tjQ7txtSUGu9OBOBH0C13dPKN2qqH12xKtHu/Hiw==",
      "license": "Apache-2.0"
    },
    "node_modules/@prisma/extension-accelerate": {
      "version": "1.1.0",
      "resolved": "https://registry.npmjs.org/@prisma/extension-accelerate/-/extension-accelerate-1.1.0.tgz",
      "integrity": "sha512-sESjhBZ4ywQjAVpKzsfhxyNu+9txIM5I6M1MPBaJBq/xDlqmniIAhlwIEt9KLtO80zqPxqbZYes18zrkgYqNiQ==",
      "engines": {
        "node": ">=16"
      },
      "peerDependencies": {
        "@prisma/client": ">=4.16.1"
      }
    },
    "node_modules/@prisma/fetch-engine": {
      "version": "5.16.2",
      "resolved": "https://registry.npmjs.org/@prisma/fetch-engine/-/fetch-engine-5.16.2.tgz",
      "integrity": "sha512-sq51lfHKfH2jjYSjBtMjP+AznFqOJzXpqmq6B9auWrlTJrMgZ7lPyhWUW7VU7LsQU48/TJ+DZeIz8s9bMYvcHg==",
      "license": "Apache-2.0",
      "dependencies": {
        "@prisma/debug": "5.16.2",
        "@prisma/engines-version": "5.16.0-24.34ace0eb2704183d2c05b60b52fba5c43c13f303",
        "@prisma/get-platform": "5.16.2"
      }
    },
    "node_modules/@prisma/get-platform": {
      "version": "5.16.2",
      "resolved": "https://registry.npmjs.org/@prisma/get-platform/-/get-platform-5.16.2.tgz",
      "integrity": "sha512-cXiHPgNLNyj22vLouPVNegklpRL/iX2jxTeap5GRO3DmCoVyIHmJAV1CgUMUJhHlcol9yYy7EHvsnXTDJ/PKEA==",
      "license": "Apache-2.0",
      "dependencies": {
        "@prisma/debug": "5.16.2"
      }
    },
    "node_modules/@sidd123/common": {
      "version": "1.0.0",
      "resolved": "https://registry.npmjs.org/@sidd123/common/-/common-1.0.0.tgz",
      "integrity": "sha512-Zc8MYxbnrGYfGo7gC29yIJmT/cL1GAk23iBE05Z7lgohex2/AxGlmm5ibXxNU5ZqUAac3NHsM1/2dwcwlpbtyA==",
      "license": "ISC",
      "dependencies": {
        "zod": "^3.23.8"
      }
    },
    "node_modules/@types/bcrypt": {
      "version": "5.0.2",
      "resolved": "https://registry.npmjs.org/@types/bcrypt/-/bcrypt-5.0.2.tgz",
      "integrity": "sha512-6atioO8Y75fNcbmj0G7UjI9lXN2pQ/IGJ2FWT4a/btd0Lk9lQalHLKhkgKVZ3r+spnmWUKfbMi1GEe9wyHQfNQ==",
      "dev": true,
      "license": "MIT",
      "dependencies": {
        "@types/node": "*"
      }
    },
    "node_modules/@types/node": {
      "version": "20.14.10",
      "resolved": "https://registry.npmjs.org/@types/node/-/node-20.14.10.tgz",
      "integrity": "sha512-MdiXf+nDuMvY0gJKxyfZ7/6UFsETO7mGKF54MVD/ekJS6HdFtpZFBgrh6Pseu64XTb2MLyFPlbW6hj8HYRQNOQ==",
      "dev": true,
      "license": "MIT",
      "dependencies": {
        "undici-types": "~5.26.4"
      }
    },
    "node_modules/@types/stack-trace": {
      "version": "0.0.29",
      "resolved": "https://registry.npmjs.org/@types/stack-trace/-/stack-trace-0.0.29.tgz",
      "integrity": "sha512-TgfOX+mGY/NyNxJLIbDWrO9DjGoVSW9+aB8H2yy1fy32jsvxijhmyJI9fDFgvz3YP4lvJaq9DzdR/M1bOgVc9g==",
      "dev": true,
      "license": "MIT"
    },
    "node_modules/acorn": {
      "version": "8.12.1",
      "resolved": "https://registry.npmjs.org/acorn/-/acorn-8.12.1.tgz",
      "integrity": "sha512-tcpGyI9zbizT9JbV6oYE477V6mTlXvvi0T0G3SNIYE2apm/G5huBa1+K89VGeovbg+jycCrfhl3ADxErOuO6Jg==",
      "dev": true,
      "license": "MIT",
      "bin": {
        "acorn": "bin/acorn"
      },
      "engines": {
        "node": ">=0.4.0"
      }
    },
    "node_modules/acorn-walk": {
      "version": "8.3.4",
      "resolved": "https://registry.npmjs.org/acorn-walk/-/acorn-walk-8.3.4.tgz",
      "integrity": "sha512-ueEepnujpqee2o5aIYnvHU6C0A42MNdsIDeqy5BydrkuC5R1ZuUFnm27EeFJGoEHJQgn3uleRvmTXaJgfXbt4g==",
      "dev": true,
      "license": "MIT",
      "dependencies": {
        "acorn": "^8.11.0"
      },
      "engines": {
        "node": ">=0.4.0"
      }
    },
    "node_modules/buffer-from": {
      "version": "1.1.2",
      "resolved": "https://registry.npmjs.org/buffer-from/-/buffer-from-1.1.2.tgz",
      "integrity": "sha512-E+XQCRwSbaaiChtv6k6Dwgc+bx+Bs6vuKJHHl5kox/BaKbhiXzqQOwK4cO22yElGp2OCmjwVhT3HmxgyPGnJfQ==",
      "dev": true,
      "license": "MIT"
    },
    "node_modules/busboy": {
      "version": "0.3.1",
      "resolved": "https://registry.npmjs.org/busboy/-/busboy-0.3.1.tgz",
      "integrity": "sha512-y7tTxhGKXcyBxRKAni+awqx8uqaJKrSFSNFSeRG5CsWNdmy2BIK+6VGWEW7TZnIO/533mtMEA4rOevQV815YJw==",
      "dev": true,
      "dependencies": {
        "dicer": "0.3.0"
      },
      "engines": {
        "node": ">=4.5.0"
      }
    },
    "node_modules/commander": {
      "version": "8.3.0",
      "resolved": "https://registry.npmjs.org/commander/-/commander-8.3.0.tgz",
      "integrity": "sha512-OkTL9umf+He2DZkUq8f8J9of7yL6RJKI24dVITBmNfZBmri9zYZQrKkuXiKhyfPSu8tUhnVBB1iKXevvnlR4Ww==",
      "dev": true,
      "license": "MIT",
      "engines": {
        "node": ">= 12"
      }
    },
    "node_modules/cookie": {
      "version": "0.4.2",
      "resolved": "https://registry.npmjs.org/cookie/-/cookie-0.4.2.tgz",
      "integrity": "sha512-aSWTXFzaKWkvHO1Ny/s+ePFpvKsPnjc551iI41v3ny/ow6tBG5Vd+FuqGNhh1LxOmVzOlGUriIlOaokOvhaStA==",
      "dev": true,
      "license": "MIT",
      "engines": {
        "node": ">= 0.6"
      }
    },
    "node_modules/cron-schedule": {
      "version": "3.0.6",
      "resolved": "https://registry.npmjs.org/cron-schedule/-/cron-schedule-3.0.6.tgz",
      "integrity": "sha512-izfGgKyzzIyLaeb1EtZ3KbglkS6AKp9cv7LxmiyoOu+fXfol1tQDC0Cof0enVZGNtudTHW+3lfuW9ZkLQss4Wg==",
      "dev": true,
      "license": "MIT"
    },
    "node_modules/dicer": {
      "version": "0.3.0",
      "resolved": "https://registry.npmjs.org/dicer/-/dicer-0.3.0.tgz",
      "integrity": "sha512-MdceRRWqltEG2dZqO769g27N/3PXfcKl04VhYnBlo2YhH7zPi88VebsjTKclaOyiuMaGU72hTfw3VkUitGcVCA==",
      "dev": true,
      "dependencies": {
        "streamsearch": "0.1.2"
      },
      "engines": {
        "node": ">=4.5.0"
      }
    },
    "node_modules/dotenv": {
      "version": "10.0.0",
      "resolved": "https://registry.npmjs.org/dotenv/-/dotenv-10.0.0.tgz",
      "integrity": "sha512-rlBi9d8jpv9Sf1klPjNfFAuWDjKLwTIJJ/VxtoTwIR6hnZxcEOQCZg2oIL3MWBYw5GpUDKOEnND7LXTbIpQ03Q==",
      "dev": true,
      "license": "BSD-2-Clause",
      "engines": {
        "node": ">=10"
      }
    },
    "node_modules/esbuild": {
      "version": "0.14.1",
      "resolved": "https://registry.npmjs.org/esbuild/-/esbuild-0.14.1.tgz",
      "integrity": "sha512-J/LhUwELcmz0+CJfiaKzu7Rnj9ffWFLvMx+dKvdOfg+fQmoP6q9glla26LCm9BxpnPUjXChHeubLiMlKab/PYg==",
      "dev": true,
      "hasInstallScript": true,
      "license": "MIT",
      "bin": {
        "esbuild": "bin/esbuild"
      },
      "optionalDependencies": {
        "esbuild-android-arm64": "0.14.1",
        "esbuild-darwin-64": "0.14.1",
        "esbuild-darwin-arm64": "0.14.1",
        "esbuild-freebsd-64": "0.14.1",
        "esbuild-freebsd-arm64": "0.14.1",
        "esbuild-linux-32": "0.14.1",
        "esbuild-linux-64": "0.14.1",
        "esbuild-linux-arm": "0.14.1",
        "esbuild-linux-arm64": "0.14.1",
        "esbuild-linux-mips64le": "0.14.1",
        "esbuild-linux-ppc64le": "0.14.1",
        "esbuild-netbsd-64": "0.14.1",
        "esbuild-openbsd-64": "0.14.1",
        "esbuild-sunos-64": "0.14.1",
        "esbuild-windows-32": "0.14.1",
        "esbuild-windows-64": "0.14.1",
        "esbuild-windows-arm64": "0.14.1"
      }
    },
    "node_modules/esbuild-android-arm64": {
      "version": "0.14.1",
      "resolved": "https://registry.npmjs.org/esbuild-android-arm64/-/esbuild-android-arm64-0.14.1.tgz",
      "integrity": "sha512-elQd3hTg93nU2GQ5PPCDAFe5+utxZX96RG8RixqIPxf8pzmyIzcpKG76L/9FabPf3LT1z+nLF1sajCU8eVRDyg==",
      "cpu": [
        "arm64"
      ],
      "dev": true,
      "license": "MIT",
      "optional": true,
      "os": [
        "android"
      ]
    },
    "node_modules/esbuild-darwin-64": {
      "version": "0.14.1",
      "resolved": "https://registry.npmjs.org/esbuild-darwin-64/-/esbuild-darwin-64-0.14.1.tgz",
      "integrity": "sha512-PR3HZgbPRwsQbbOR1fJrfkt/Cs0JDyI3yzOKg2PPWk0H1AseZDBqPUY9b/0+BIjFwA5Jz/aAiq832hppsuJtNw==",
      "cpu": [
        "x64"
      ],
      "dev": true,
      "license": "MIT",
      "optional": true,
      "os": [
        "darwin"
      ]
    },
    "node_modules/esbuild-darwin-arm64": {
      "version": "0.14.1",
      "resolved": "https://registry.npmjs.org/esbuild-darwin-arm64/-/esbuild-darwin-arm64-0.14.1.tgz",
      "integrity": "sha512-/fiSSOkOEa3co6yYtwgXouz8jZrG0qnXPEKiktFf2BQE8NON3ARTw43ZegaH+xMRFNgYBJEOOZIdzI3sIFEAxw==",
      "cpu": [
        "arm64"
      ],
      "dev": true,
      "license": "MIT",
      "optional": true,
      "os": [
        "darwin"
      ]
    },
    "node_modules/esbuild-freebsd-64": {
      "version": "0.14.1",
      "resolved": "https://registry.npmjs.org/esbuild-freebsd-64/-/esbuild-freebsd-64-0.14.1.tgz",
      "integrity": "sha512-ZJV+nfa8E8PdXnRc05PO3YMfgSj7Ko+kdHyGDE6OaNo1cO8ZyfacqLaWkY35shDDaeacklhD8ZR4qq5nbJKX1A==",
      "cpu": [
        "x64"
      ],
      "dev": true,
      "license": "MIT",
      "optional": true,
      "os": [
        "freebsd"
      ]
    },
    "node_modules/esbuild-freebsd-arm64": {
      "version": "0.14.1",
      "resolved": "https://registry.npmjs.org/esbuild-freebsd-arm64/-/esbuild-freebsd-arm64-0.14.1.tgz",
      "integrity": "sha512-6N9zTD+SecJr2g9Ohl9C10WIk5FpQ+52bNamRy0sJoHwP31G5ObzKzq8jAtg1Jeggpu6P8auz3P/UL+3YioSwQ==",
      "cpu": [
        "arm64"
      ],
      "dev": true,
      "license": "MIT",
      "optional": true,
      "os": [
        "freebsd"
      ]
    },
    "node_modules/esbuild-linux-32": {
      "version": "0.14.1",
      "resolved": "https://registry.npmjs.org/esbuild-linux-32/-/esbuild-linux-32-0.14.1.tgz",
      "integrity": "sha512-RtPgE6e7WefbAxRjVryisKFJ0nUwR2DMjwmYW/a1a0F1+Ge6FR+RqvgiY0DrM9TtxSUU0eryDXNF4n3UfxX3mg==",
      "cpu": [
        "ia32"
      ],
      "dev": true,
      "license": "MIT",
      "optional": true,
      "os": [
        "linux"
      ]
    },
    "node_modules/esbuild-linux-64": {
      "version": "0.14.1",
      "resolved": "https://registry.npmjs.org/esbuild-linux-64/-/esbuild-linux-64-0.14.1.tgz",
      "integrity": "sha512-JpxM0ar6Z+2v3vfFrxP7bFb8Wzb6gcGL9MxRqAJplDfGnee8HbfPge6svaazXeX9XJceeEqwxwWGB0qyCcxo7A==",
      "cpu": [
        "x64"
      ],
      "dev": true,
      "license": "MIT",
      "optional": true,
      "os": [
        "linux"
      ]
    },
    "node_modules/esbuild-linux-arm": {
      "version": "0.14.1",
      "resolved": "https://registry.npmjs.org/esbuild-linux-arm/-/esbuild-linux-arm-0.14.1.tgz",
      "integrity": "sha512-eBRHexCijAYWzcvQLGHxyxIlYOkYhXvcb/O7HvzJfCAVWCnTx9TxxYJ3UppBC6dDFbAq4HwKhskvmesQdKMeBg==",
      "cpu": [
        "arm"
      ],
      "dev": true,
      "license": "MIT",
      "optional": true,
      "os": [
        "linux"
      ]
    },
    "node_modules/esbuild-linux-arm64": {
      "version": "0.14.1",
      "resolved": "https://registry.npmjs.org/esbuild-linux-arm64/-/esbuild-linux-arm64-0.14.1.tgz",
      "integrity": "sha512-cFbeZf171bIf+PPLlQDBzagK85lCCxxVdMV1IVUA96Y3kvEgqcy2n9mha+QE1M/T+lIOPDsmLRgH1XqMFwLTSg==",
      "cpu": [
        "arm64"
      ],
      "dev": true,
      "license": "MIT",
      "optional": true,
      "os": [
        "linux"
      ]
    },
    "node_modules/esbuild-linux-mips64le": {
      "version": "0.14.1",
      "resolved": "https://registry.npmjs.org/esbuild-linux-mips64le/-/esbuild-linux-mips64le-0.14.1.tgz",
      "integrity": "sha512-UGb+sqHkL7wOQFLH0RoFhcRAlJNqbqs6GtJd1It5jJ2juOGqAkCv8V12aGDX9oRB6a+Om7cdHcH+6AMZ+qlaww==",
      "cpu": [
        "mips64el"
      ],
      "dev": true,
      "license": "MIT",
      "optional": true,
      "os": [
        "linux"
      ]
    },
    "node_modules/esbuild-linux-ppc64le": {
      "version": "0.14.1",
      "resolved": "https://registry.npmjs.org/esbuild-linux-ppc64le/-/esbuild-linux-ppc64le-0.14.1.tgz",
      "integrity": "sha512-LIHGkGdy9wYlmkkoVHm6feWhkoi4VBXDiEVyNjXEhlzsBcP/CaRy+B8IJulzaU1ALLiGcsCQ2MC5UbFn/iTvmA==",
      "cpu": [
        "ppc64"
      ],
      "dev": true,
      "license": "MIT",
      "optional": true,
      "os": [
        "linux"
      ]
    },
    "node_modules/esbuild-netbsd-64": {
      "version": "0.14.1",
      "resolved": "https://registry.npmjs.org/esbuild-netbsd-64/-/esbuild-netbsd-64-0.14.1.tgz",
      "integrity": "sha512-TWc1QIgtPwaK5nC1GT2ASTuy/CJhNKHN4h5PJRP1186VfI+k2uvXakS7bqO/M26F6jAMy8jDeCtilacqpwsvfA==",
      "cpu": [
        "x64"
      ],
      "dev": true,
      "license": "MIT",
      "optional": true,
      "os": [
        "netbsd"
      ]
    },
    "node_modules/esbuild-openbsd-64": {
      "version": "0.14.1",
      "resolved": "https://registry.npmjs.org/esbuild-openbsd-64/-/esbuild-openbsd-64-0.14.1.tgz",
      "integrity": "sha512-Z9/Zb77K+pK9s7mAsvwS56K8tCbLvNZ9UI4QVJSYqDgOmmDJOBT4owWnCqZ5cJI+2y4/F9KwCpFFTNUdPglPKA==",
      "cpu": [
        "x64"
      ],
      "dev": true,
      "license": "MIT",
      "optional": true,
      "os": [
        "openbsd"
      ]
    },
    "node_modules/esbuild-sunos-64": {
      "version": "0.14.1",
      "resolved": "https://registry.npmjs.org/esbuild-sunos-64/-/esbuild-sunos-64-0.14.1.tgz",
      "integrity": "sha512-c4sF8146kNW8529wfkB6vO0ZqPgokyS2hORqKa4p/QKZdp+xrF2NPmvX5aN+Zt14oe6wVZuhYo6LGv7V4Gg04g==",
      "cpu": [
        "x64"
      ],
      "dev": true,
      "license": "MIT",
      "optional": true,
      "os": [
        "sunos"
      ]
    },
    "node_modules/esbuild-windows-32": {
      "version": "0.14.1",
      "resolved": "https://registry.npmjs.org/esbuild-windows-32/-/esbuild-windows-32-0.14.1.tgz",
      "integrity": "sha512-XP8yElaJtLGGjH7D72t5IWtP0jmc1Jqm4IjQARB17l0LTJO/n+N2X64rDWePJv6qimYxa5p2vTjkZc5v+YZTSQ==",
      "cpu": [
        "ia32"
      ],
      "dev": true,
      "license": "MIT",
      "optional": true,
      "os": [
        "win32"
      ]
    },
    "node_modules/esbuild-windows-64": {
      "version": "0.14.1",
      "resolved": "https://registry.npmjs.org/esbuild-windows-64/-/esbuild-windows-64-0.14.1.tgz",
      "integrity": "sha512-fe+ShdyfiuGcCEdVKW//6MaM4MwikiWBWSBn8mebNAbjRqicH0injDOFVI7aUovAfrEt7+FGkf402s//hi0BVg==",
      "cpu": [
        "x64"
      ],
      "dev": true,
      "license": "MIT",
      "optional": true,
      "os": [
        "win32"
      ]
    },
    "node_modules/esbuild-windows-arm64": {
      "version": "0.14.1",
      "resolved": "https://registry.npmjs.org/esbuild-windows-arm64/-/esbuild-windows-arm64-0.14.1.tgz",
      "integrity": "sha512-wBVakhcIzQ3NZ33DFM6TjIObXPHaXOsqzvPwefXHvwBSC/N/e/g6fBeM7N/Moj3AmxLjKaB+vePvTGdxk6RPCg==",
      "cpu": [
        "arm64"
      ],
      "dev": true,
      "license": "MIT",
      "optional": true,
      "os": [
        "win32"
      ]
    },
    "node_modules/fsevents": {
      "version": "2.3.3",
      "resolved": "https://registry.npmjs.org/fsevents/-/fsevents-2.3.3.tgz",
      "integrity": "sha512-5xoDfX+fL7faATnagmWPpbFtwh/R77WmMMqqHGS65C3vvB0YHrgF+B1YmZ3441tMj5n63k0212XNoJwzlhffQw==",
      "dev": true,
      "hasInstallScript": true,
      "license": "MIT",
      "optional": true,
      "os": [
        "darwin"
      ],
      "engines": {
        "node": "^8.16.0 || ^10.6.0 || >=11.0.0"
      }
    },
    "node_modules/hono": {
      "version": "4.6.1",
      "resolved": "https://registry.npmjs.org/hono/-/hono-4.6.1.tgz",
      "integrity": "sha512-6NGwvttY1+HAFii08VYiEKI6ETPAFbpLntpm2M/MogEsAFWdZV74UNT+2M4bmqX90cIQhjlpBSP+tO+CfB0uww==",
      "license": "MIT",
      "engines": {
        "node": ">=16.0.0"
      }
    },
    "node_modules/html-rewriter-wasm": {
      "version": "0.3.2",
      "resolved": "https://registry.npmjs.org/html-rewriter-wasm/-/html-rewriter-wasm-0.3.2.tgz",
      "integrity": "sha512-b+pOh+bs00uRVNIZoTgGBREjUKN47pchTNwkxKuP4ecQTFcOA6KJIW+jjvjjXrkSRURZsideLxFKqX7hnxdegQ==",
      "dev": true,
      "license": "BSD-3-Clause"
    },
    "node_modules/http-cache-semantics": {
      "version": "4.1.1",
      "resolved": "https://registry.npmjs.org/http-cache-semantics/-/http-cache-semantics-4.1.1.tgz",
      "integrity": "sha512-er295DKPVsV82j5kw1Gjt+ADA/XYHsajl82cGNQG2eyoPkvgUhX+nDIyelzhIWbbsXP39EHcI6l5tYs2FYqYXQ==",
      "dev": true,
      "license": "BSD-2-Clause"
    },
    "node_modules/ignore": {
      "version": "5.3.2",
      "resolved": "https://registry.npmjs.org/ignore/-/ignore-5.3.2.tgz",
      "integrity": "sha512-hsBTNUqQTDwkWtcdYI2i06Y/nUBEsNEDJKjWdigLvegy8kDuJAS8uRlpkkcQpyEXL0Z/pjDy5HBmMjRCJ2gq+g==",
      "dev": true,
      "license": "MIT",
      "engines": {
        "node": ">= 4"
      }
    },
    "node_modules/kleur": {
      "version": "4.1.5",
      "resolved": "https://registry.npmjs.org/kleur/-/kleur-4.1.5.tgz",
      "integrity": "sha512-o+NO+8WrRiQEE4/7nwRJhN1HWpVmJm511pBHUxPLtp0BUISzlBplORYSmTclCnJvQq2tKu/sgl3xVpkc7ZWuQQ==",
      "dev": true,
      "license": "MIT",
      "engines": {
        "node": ">=6"
      }
    },
    "node_modules/miniflare": {
      "version": "2.0.0-rc.4",
      "resolved": "https://registry.npmjs.org/miniflare/-/miniflare-2.0.0-rc.4.tgz",
      "integrity": "sha512-nzoooM8tctkR6KBBgQo8/HuHdQ8GgqTXbmpqq3DiIH1LTZDiKSYQ420T+t6HhWl1IP6i3htQR5TzBq50iAgm0A==",
      "dev": true,
      "license": "MIT",
      "dependencies": {
        "@miniflare/cache": "2.0.0-rc.4",
        "@miniflare/cli-parser": "2.0.0-rc.4",
        "@miniflare/core": "2.0.0-rc.4",
        "@miniflare/durable-objects": "2.0.0-rc.4",
        "@miniflare/html-rewriter": "2.0.0-rc.4",
        "@miniflare/http-server": "2.0.0-rc.4",
        "@miniflare/kv": "2.0.0-rc.4",
        "@miniflare/runner-vm": "2.0.0-rc.4",
        "@miniflare/scheduler": "2.0.0-rc.4",
        "@miniflare/shared": "2.0.0-rc.4",
        "@miniflare/sites": "2.0.0-rc.4",
        "@miniflare/storage-file": "2.0.0-rc.4",
        "@miniflare/storage-memory": "2.0.0-rc.4",
        "@miniflare/watcher": "2.0.0-rc.4",
        "@miniflare/web-sockets": "2.0.0-rc.4",
        "kleur": "^4.1.4",
        "semiver": "^1.1.0",
        "source-map-support": "^0.5.20",
        "undici": "^4.11.1"
      },
      "bin": {
        "miniflare": "bootstrap.js"
      },
      "engines": {
        "node": ">=16.7"
      },
      "peerDependencies": {
        "@miniflare/storage-redis": "2.0.0-rc.4",
        "cron-schedule": "^3.0.4",
        "ioredis": "^4.27.9"
      },
      "peerDependenciesMeta": {
        "@miniflare/storage-redis": {
          "optional": true
        },
        "ioredis": {
          "optional": true
        }
      }
    },
    "node_modules/mustache": {
      "version": "4.2.0",
      "resolved": "https://registry.npmjs.org/mustache/-/mustache-4.2.0.tgz",
      "integrity": "sha512-71ippSywq5Yb7/tVYyGbkBggbU8H3u5Rz56fH60jGFgr8uHwxs+aSKeqmluIVzM0m0kB7xQjKS6qPfd0b2ZoqQ==",
      "dev": true,
      "license": "MIT",
      "bin": {
        "mustache": "bin/mustache"
      }
    },
    "node_modules/nanoid": {
      "version": "5.0.7",
      "resolved": "https://registry.npmjs.org/nanoid/-/nanoid-5.0.7.tgz",
      "integrity": "sha512-oLxFY2gd2IqnjcYyOXD8XGCftpGtZP2AbHbOkthDkvRywH5ayNtPVy9YlOPcHckXzbLTCHpkb7FB+yuxKV13pQ==",
      "funding": [
        {
          "type": "github",
          "url": "https://github.com/sponsors/ai"
        }
      ],
      "license": "MIT",
      "bin": {
        "nanoid": "bin/nanoid.js"
      },
      "engines": {
        "node": "^18 || >=20"
      }
    },
    "node_modules/node-forge": {
      "version": "0.10.0",
      "resolved": "https://registry.npmjs.org/node-forge/-/node-forge-0.10.0.tgz",
      "integrity": "sha512-PPmu8eEeG9saEUvI97fm4OYxXVB6bFvyNTyiUOBichBpFG8A1Ljw3bY62+5oOjDEMHRnd0Y7HQ+x7uzxOzC6JA==",
      "dev": true,
      "license": "(BSD-3-Clause OR GPL-2.0)",
      "engines": {
        "node": ">= 6.0.0"
      }
    },
    "node_modules/path-to-regexp": {
      "version": "6.2.2",
      "resolved": "https://registry.npmjs.org/path-to-regexp/-/path-to-regexp-6.2.2.tgz",
      "integrity": "sha512-GQX3SSMokngb36+whdpRXE+3f9V8UzyAorlYvOGx87ufGHehNTn5lCxrKtLyZ4Yl/wEKnNnr98ZzOwwDZV5ogw==",
      "dev": true,
      "license": "MIT"
    },
    "node_modules/prisma": {
      "version": "5.16.2",
      "resolved": "https://registry.npmjs.org/prisma/-/prisma-5.16.2.tgz",
      "integrity": "sha512-rFV/xoBR2hBGGlu4LPLQd4U8WVA+tSAmYyFWGPRVfj+xg7N4kiZV4lSk38htSpF+/IuHKzlrbh4SFk8Z18cI8A==",
      "hasInstallScript": true,
      "license": "Apache-2.0",
      "dependencies": {
        "@prisma/engines": "5.16.2"
      },
      "bin": {
        "prisma": "build/index.js"
      },
      "engines": {
        "node": ">=16.13"
      }
    },
    "node_modules/selfsigned": {
      "version": "1.10.14",
      "resolved": "https://registry.npmjs.org/selfsigned/-/selfsigned-1.10.14.tgz",
      "integrity": "sha512-lkjaiAye+wBZDCBsu5BGi0XiLRxeUlsGod5ZP924CRSEoGuZAw/f7y9RKu28rwTfiHVhdavhB0qH0INV6P1lEA==",
      "dev": true,
      "license": "MIT",
      "dependencies": {
        "node-forge": "^0.10.0"
      }
    },
    "node_modules/semiver": {
      "version": "1.1.0",
      "resolved": "https://registry.npmjs.org/semiver/-/semiver-1.1.0.tgz",
      "integrity": "sha512-QNI2ChmuioGC1/xjyYwyZYADILWyW6AmS1UH6gDj/SFUUUS4MBAWs/7mxnkRPc/F4iHezDP+O8t0dO8WHiEOdg==",
      "dev": true,
      "license": "MIT",
      "engines": {
        "node": ">=6"
      }
    },
    "node_modules/set-cookie-parser": {
      "version": "2.7.0",
      "resolved": "https://registry.npmjs.org/set-cookie-parser/-/set-cookie-parser-2.7.0.tgz",
      "integrity": "sha512-lXLOiqpkUumhRdFF3k1osNXCy9akgx/dyPZ5p8qAg9seJzXr5ZrlqZuWIMuY6ejOsVLE6flJ5/h3lsn57fQ/PQ==",
      "dev": true,
      "license": "MIT"
    },
    "node_modules/source-map": {
      "version": "0.6.1",
      "resolved": "https://registry.npmjs.org/source-map/-/source-map-0.6.1.tgz",
      "integrity": "sha512-UjgapumWlbMhkBgzT7Ykc5YXUT46F0iKu8SGXq0bcwP5dz/h0Plj6enJqjz1Zbq2l5WaqYnrVbwWOWMyF3F47g==",
      "dev": true,
      "license": "BSD-3-Clause",
      "engines": {
        "node": ">=0.10.0"
      }
    },
    "node_modules/source-map-support": {
      "version": "0.5.21",
      "resolved": "https://registry.npmjs.org/source-map-support/-/source-map-support-0.5.21.tgz",
      "integrity": "sha512-uBHU3L3czsIyYXKX88fdrGovxdSCoTGDRZ6SYXtSRxLZUzHg5P/66Ht6uoUlHu9EZod+inXhKo3qQgwXUT/y1w==",
      "dev": true,
      "license": "MIT",
      "dependencies": {
        "buffer-from": "^1.0.0",
        "source-map": "^0.6.0"
      }
    },
    "node_modules/stack-trace": {
      "version": "0.0.10",
      "resolved": "https://registry.npmjs.org/stack-trace/-/stack-trace-0.0.10.tgz",
      "integrity": "sha512-KGzahc7puUKkzyMt+IqAep+TVNbKP+k2Lmwhub39m1AsTSkaDutx56aDCo+HLDzf/D26BIHTJWNiTG1KAJiQCg==",
      "dev": true,
      "license": "MIT",
      "engines": {
        "node": "*"
      }
    },
    "node_modules/streamsearch": {
      "version": "0.1.2",
      "resolved": "https://registry.npmjs.org/streamsearch/-/streamsearch-0.1.2.tgz",
      "integrity": "sha512-jos8u++JKm0ARcSUTAZXOVC0mSox7Bhn6sBgty73P1f3JGf7yG2clTbBNHUdde/kdvP2FESam+vM6l8jBrNxHA==",
      "dev": true,
      "engines": {
        "node": ">=0.8.0"
      }
    },
    "node_modules/undici": {
      "version": "4.16.0",
      "resolved": "https://registry.npmjs.org/undici/-/undici-4.16.0.tgz",
      "integrity": "sha512-tkZSECUYi+/T1i4u+4+lwZmQgLXd4BLGlrc7KZPcLIW7Jpq99+Xpc30ONv7nS6F5UNOxp/HBZSSL9MafUrvJbw==",
      "dev": true,
      "license": "MIT",
      "engines": {
        "node": ">=12.18"
      }
    },
    "node_modules/undici-types": {
      "version": "5.26.5",
      "resolved": "https://registry.npmjs.org/undici-types/-/undici-types-5.26.5.tgz",
      "integrity": "sha512-JlCMO+ehdEIKqlFxk6IfVoAUVmgz7cU7zD/h9XZ0qzeosSHmUJVOzSQvvYSYWXkFXC+IfLKSIffhv0sVZup6pA==",
      "dev": true,
      "license": "MIT"
    },
    "node_modules/wrangler": {
      "version": "0.0.6",
      "resolved": "https://registry.npmjs.org/wrangler/-/wrangler-0.0.6.tgz",
      "integrity": "sha512-8M43MPxgunW+9BcL5kkfgZcxYKZWnlIhNx0StGIvzohyCPqi+88Jzch+gl7N7wXETs4bLKKcpJ9b7X1QMkd+cQ==",
      "dev": true,
      "license": "MIT OR Apache-2.0",
      "dependencies": {
        "@cloudflare/pages-functions-compiler": "0.3.8",
        "esbuild": "0.14.1",
        "miniflare": "2.0.0-rc.4",
        "semiver": "^1.1.0"
      },
      "bin": {
        "wrangler": "bin/wrangler.js",
        "wrangler2": "bin/wrangler.js"
      },
      "engines": {
        "node": ">=16.7.0"
      },
      "optionalDependencies": {
        "fsevents": "~2.3.2"
      }
    },
    "node_modules/ws": {
      "version": "8.18.0",
      "resolved": "https://registry.npmjs.org/ws/-/ws-8.18.0.tgz",
      "integrity": "sha512-8VbfWfHLbbwu3+N6OKsOMpBdT4kXPDDB9cJk2bJ6mh9ucxdlnNvH1e+roYkKmN9Nxw2yjz7VzeO9oOz2zJ04Pw==",
      "dev": true,
      "license": "MIT",
      "engines": {
        "node": ">=10.0.0"
      },
      "peerDependencies": {
        "bufferutil": "^4.0.1",
        "utf-8-validate": ">=5.0.2"
      },
      "peerDependenciesMeta": {
        "bufferutil": {
          "optional": true
        },
        "utf-8-validate": {
          "optional": true
        }
      }
    },
    "node_modules/youch": {
      "version": "2.2.2",
      "resolved": "https://registry.npmjs.org/youch/-/youch-2.2.2.tgz",
      "integrity": "sha512-/FaCeG3GkuJwaMR34GHVg0l8jCbafZLHiFowSjqLlqhC6OMyf2tPJBu8UirF7/NI9X/R5ai4QfEKUCOxMAGxZQ==",
      "dev": true,
      "license": "MIT",
      "dependencies": {
        "@types/stack-trace": "0.0.29",
        "cookie": "^0.4.1",
        "mustache": "^4.2.0",
        "stack-trace": "0.0.10"
      }
    },
    "node_modules/zod": {
      "version": "3.23.8",
      "resolved": "https://registry.npmjs.org/zod/-/zod-3.23.8.tgz",
      "integrity": "sha512-XBx9AXhXktjUqnepgTiE5flcKIYWi/rme0Eaj+5Y0lftuGBq+jyRu/md4WnuxqgP1ubdpNCsYEYPxrzVHD8d6g==",
      "license": "MIT",
      "funding": {
        "url": "https://github.com/sponsors/colinhacks"
      }
    }
  }
}
